# This file is generated by running "yarn install" inside your project.
# Manual changes might be lost - proceed with caution!

__metadata:
  version: 8
  cacheKey: 10c0

"@persona-counsel/core@workspace:packages/core":
  version: 0.0.0-use.local
  resolution: "@persona-counsel/core@workspace:packages/core"
  languageName: unknown
  linkType: soft

"counsel-cli@workspace:packages/counsel-cli":
  version: 0.0.0-use.local
  resolution: "counsel-cli@workspace:packages/counsel-cli"
  bin:
    counsel: ./bin/counsel.js
  languageName: unknown
  linkType: soft

"persona-counsel-workspace@workspace:.":
  version: 0.0.0-use.local
  resolution: "persona-counsel-workspace@workspace:."
  languageName: unknown
  linkType: soft

"persona-counsel@workspace:packages/persona-counsel":
  version: 0.0.0-use.local
  resolution: "persona-counsel@workspace:packages/persona-counsel"
  languageName: unknown
  linkType: soft
